
Microsoft Visual Studio Solution File, Format Version 12.00
# Visual Studio Version 17
VisualStudioVersion = 17.11.35327.3
MinimumVisualStudioVersion = 10.0.40219.1
Project("{FAE04EC0-301F-11D3-BF4B-00C04F79EFBC}") = "Etl.API", "Etl.API\Etl.API.csproj", "{1DE69B4B-7997-4447-83A2-B59BAE804CCE}"
EndProject
Project("{FAE04EC0-301F-11D3-BF4B-00C04F79EFBC}") = "Etl.Application", "Etl.Application\Etl.Application.csproj", "{1C10F6EA-5DC8-4FA9-A490-B6441D080C44}"
EndProject
Project("{FAE04EC0-301F-11D3-BF4B-00C04F79EFBC}") = "Etl.Domain", "Etl.Domain\Etl.Domain.csproj", "{1B5B280A-DE18-4A58-B53C-1194C5AF09C0}"
EndProject
Project("{FAE04EC0-301F-11D3-BF4B-00C04F79EFBC}") = "Etl.Infrastructure", "Etl.Infrastructure\Etl.Infrastructure.csproj", "{93E4FECB-4952-4EAE-BD18-0A14DCD79F08}"
EndProject
Project("{E53339B2-1760-4266-BCC7-CA923CBCF16C}") = "docker-compose", "docker-compose.dcproj", "{C58A12D9-3547-4B16-88CE-DC483E7E5548}"
EndProject
Global
	GlobalSection(SolutionConfigurationPlatforms) = preSolution
		Debug|Any CPU = Debug|Any CPU
		Release|Any CPU = Release|Any CPU
	EndGlobalSection
	GlobalSection(ProjectConfigurationPlatforms) = postSolution
		{1DE69B4B-7997-4447-83A2-B59BAE804CCE}.Debug|Any CPU.ActiveCfg = Debug|Any CPU
		{1DE69B4B-7997-4447-83A2-B59BAE804CCE}.Debug|Any CPU.Build.0 = Debug|Any CPU
		{1DE69B4B-7997-4447-83A2-B59BAE804CCE}.Release|Any CPU.ActiveCfg = Release|Any CPU
		{1DE69B4B-7997-4447-83A2-B59BAE804CCE}.Release|Any CPU.Build.0 = Release|Any CPU
		{1C10F6EA-5DC8-4FA9-A490-B6441D080C44}.Debug|Any CPU.ActiveCfg = Debug|Any CPU
		{1C10F6EA-5DC8-4FA9-A490-B6441D080C44}.Debug|Any CPU.Build.0 = Debug|Any CPU
		{1C10F6EA-5DC8-4FA9-A490-B6441D080C44}.Release|Any CPU.ActiveCfg = Release|Any CPU
		{1C10F6EA-5DC8-4FA9-A490-B6441D080C44}.Release|Any CPU.Build.0 = Release|Any CPU
		{1B5B280A-DE18-4A58-B53C-1194C5AF09C0}.Debug|Any CPU.ActiveCfg = Debug|Any CPU
		{1B5B280A-DE18-4A58-B53C-1194C5AF09C0}.Debug|Any CPU.Build.0 = Debug|Any CPU
		{1B5B280A-DE18-4A58-B53C-1194C5AF09C0}.Release|Any CPU.ActiveCfg = Release|Any CPU
		{1B5B280A-DE18-4A58-B53C-1194C5AF09C0}.Release|Any CPU.Build.0 = Release|Any CPU
		{93E4FECB-4952-4EAE-BD18-0A14DCD79F08}.Debug|Any CPU.ActiveCfg = Debug|Any CPU
		{93E4FECB-4952-4EAE-BD18-0A14DCD79F08}.Debug|Any CPU.Build.0 = Debug|Any CPU
		{93E4FECB-4952-4EAE-BD18-0A14DCD79F08}.Release|Any CPU.ActiveCfg = Release|Any CPU
		{93E4FECB-4952-4EAE-BD18-0A14DCD79F08}.Release|Any CPU.Build.0 = Release|Any CPU
		{C58A12D9-3547-4B16-88CE-DC483E7E5548}.Debug|Any CPU.ActiveCfg = Debug|Any CPU
		{C58A12D9-3547-4B16-88CE-DC483E7E5548}.Debug|Any CPU.Build.0 = Debug|Any CPU
		{C58A12D9-3547-4B16-88CE-DC483E7E5548}.Release|Any CPU.ActiveCfg = Release|Any CPU
		{C58A12D9-3547-4B16-88CE-DC483E7E5548}.Release|Any CPU.Build.0 = Release|Any CPU
	EndGlobalSection
	GlobalSection(SolutionProperties) = preSolution
		HideSolutionNode = FALSE
	EndGlobalSection
	GlobalSection(ExtensibilityGlobals) = postSolution
		SolutionGuid = {C8287FB4-E173-4FDB-870E-D7FFED1695EC}
	EndGlobalSection
EndGlobal
